
Microsoft Visual Studio Solution File, Format Version 12.00
# Visual Studio Version 16
VisualStudioVersion = 25.0.1703.8
MinimumVisualStudioVersion = 10.0.40219.1
Project("{FAE04EC0-301F-11D3-BF4B-00C04F79EFBC}") = "arman-web2", "arman-web2\arman-web2.csproj", "{A22544F0-2361-49F2-89FC-71138DF13A76}"
EndProject
Global
	GlobalSection(SolutionConfigurationPlatforms) = preSolution
		Debug|Any CPU = Debug|Any CPU
		Release|Any CPU = Release|Any CPU
	EndGlobalSection
	GlobalSection(ProjectConfigurationPlatforms) = postSolution
		{A22544F0-2361-49F2-89FC-71138DF13A76}.Debug|Any CPU.ActiveCfg = Debug|Any CPU
		{A22544F0-2361-49F2-89FC-71138DF13A76}.Debug|Any CPU.Build.0 = Debug|Any CPU
		{A22544F0-2361-49F2-89FC-71138DF13A76}.Release|Any CPU.ActiveCfg = Release|Any CPU
		{A22544F0-2361-49F2-89FC-71138DF13A76}.Release|Any CPU.Build.0 = Release|Any CPU
	EndGlobalSection
	GlobalSection(SolutionProperties) = preSolution
		HideSolutionNode = FALSE
	EndGlobalSection
	GlobalSection(ExtensibilityGlobals) = postSolution
		SolutionGuid = {2DDB012B-61BE-4A2E-BA1C-8C604213420D}
	EndGlobalSection
EndGlobal
